
Microsoft Visual Studio Solution File, Format Version 12.00
# Visual Studio 2013
VisualStudioVersion = 12.0.21005.1
MinimumVisualStudioVersion = 10.0.40219.1
Project("{FAE04EC0-301F-11D3-BF4B-00C04F79EFBC}") = "QUnitTestApplication", "QUnitTestApplication\QUnitTestApplication.csproj", "{C602AC43-0C3D-4003-90F0-670061908644}"
EndProject
Project("{FAE04EC0-301F-11D3-BF4B-00C04F79EFBC}") = "QunitcodeTest", "QunitcodeTest\QunitcodeTest.csproj", "{F907FB0B-A96C-476A-AA12-9449A9AC0DB7}"
EndProject
Project("{2150E333-8FDC-42A3-9474-1A3956D46DE8}") = "BuildFolders", "BuildFolders", "{AE0606FE-6C3C-4CCA-A3C7-24426E386EAC}"
	ProjectSection(SolutionItems) = preProject
		CommonProperties.include = CommonProperties.include
		Main.build = Main.build
	EndProjectSection
EndProject
Global
	GlobalSection(SolutionConfigurationPlatforms) = preSolution
		Debug|Any CPU = Debug|Any CPU
		Release|Any CPU = Release|Any CPU
	EndGlobalSection
	GlobalSection(ProjectConfigurationPlatforms) = postSolution
		{C602AC43-0C3D-4003-90F0-670061908644}.Debug|Any CPU.ActiveCfg = Debug|Any CPU
		{C602AC43-0C3D-4003-90F0-670061908644}.Debug|Any CPU.Build.0 = Debug|Any CPU
		{C602AC43-0C3D-4003-90F0-670061908644}.Release|Any CPU.ActiveCfg = Release|Any CPU
		{C602AC43-0C3D-4003-90F0-670061908644}.Release|Any CPU.Build.0 = Release|Any CPU
		{F907FB0B-A96C-476A-AA12-9449A9AC0DB7}.Debug|Any CPU.ActiveCfg = Debug|Any CPU
		{F907FB0B-A96C-476A-AA12-9449A9AC0DB7}.Debug|Any CPU.Build.0 = Debug|Any CPU
		{F907FB0B-A96C-476A-AA12-9449A9AC0DB7}.Release|Any CPU.ActiveCfg = Release|Any CPU
		{F907FB0B-A96C-476A-AA12-9449A9AC0DB7}.Release|Any CPU.Build.0 = Release|Any CPU
	EndGlobalSection
	GlobalSection(SolutionProperties) = preSolution
		HideSolutionNode = FALSE
	EndGlobalSection
EndGlobal
